{
  "name": "t3st",
  "version": "2020.8.12",
  "lockfileVersion": 1,
  "requires": true,
  "dependencies": {
    "clia": {
      "version": "2020.8.11",
      "resolved": "https://registry.npmjs.org/clia/-/clia-2020.8.11.tgz",
      "integrity": "sha512-KyNemrLNXpTn/eAZ27oDURrF57T4T8jc0fkTIQAALfXII/vbFbCBNGZXU8Neo+rQbzZ4ha+mmzCcXzFUZnJinA=="
    }
  }
}
