{
  "name": "t3st",
  "version": "2024.05.28",
  "lockfileVersion": 3,
  "requires": true,
  "packages": {
    "": {
      "name": "t3st",
      "version": "2024.05.28",
      "license": "MIT",
      "dependencies": {
        "clia": "^2020.8.11"
      },
      "bin": {
        "t3st": "bin/cli.js"
      }
    },
    "node_modules/clia": {
      "version": "2020.8.11",
      "resolved": "https://registry.npmjs.org/clia/-/clia-2020.8.11.tgz",
      "integrity": "sha512-KyNemrLNXpTn/eAZ27oDURrF57T4T8jc0fkTIQAALfXII/vbFbCBNGZXU8Neo+rQbzZ4ha+mmzCcXzFUZnJinA=="
    }
  }
}
