{
  "name": "t3st",
  "version": "2020.8.6",
  "lockfileVersion": 1,
  "requires": true,
  "dependencies": {
    "clia": {
      "version": "2020.8.10",
      "resolved": "https://registry.npmjs.org/clia/-/clia-2020.8.10.tgz",
      "integrity": "sha512-kltRmL9dYZ8/EjlDLboq+nEnScdeaAO/LC7k0Rw02WQ03b2ehu2uZu0uNrCbXkcZHdqBpE7B+SlpHQcM52IspQ=="
    }
  }
}
